
Microsoft Visual Studio Solution File, Format Version 12.00
# Visual Studio Version 16
VisualStudioVersion = 16.0.29519.161
MinimumVisualStudioVersion = 10.0.40219.1
Project("{9A19103F-16F7-4668-BE54-9A1E7A4F7556}") = "Day_02", "Day_02\Day_02.csproj", "{AFDD81DC-33A2-4A13-9BDA-DB889C298426}"
EndProject
Project("{FAE04EC0-301F-11D3-BF4B-00C04F79EFBC}") = "Day_02.Test", "Day_02.Test\Day_02.Test.csproj", "{11DB42AC-3747-4F69-908E-5D2957E30D8E}"
EndProject
Global
	GlobalSection(SolutionConfigurationPlatforms) = preSolution
		Debug|Any CPU = Debug|Any CPU
		Release|Any CPU = Release|Any CPU
	EndGlobalSection
	GlobalSection(ProjectConfigurationPlatforms) = postSolution
		{AFDD81DC-33A2-4A13-9BDA-DB889C298426}.Debug|Any CPU.ActiveCfg = Debug|Any CPU
		{AFDD81DC-33A2-4A13-9BDA-DB889C298426}.Debug|Any CPU.Build.0 = Debug|Any CPU
		{AFDD81DC-33A2-4A13-9BDA-DB889C298426}.Release|Any CPU.ActiveCfg = Release|Any CPU
		{AFDD81DC-33A2-4A13-9BDA-DB889C298426}.Release|Any CPU.Build.0 = Release|Any CPU
		{11DB42AC-3747-4F69-908E-5D2957E30D8E}.Debug|Any CPU.ActiveCfg = Debug|Any CPU
		{11DB42AC-3747-4F69-908E-5D2957E30D8E}.Debug|Any CPU.Build.0 = Debug|Any CPU
		{11DB42AC-3747-4F69-908E-5D2957E30D8E}.Release|Any CPU.ActiveCfg = Release|Any CPU
		{11DB42AC-3747-4F69-908E-5D2957E30D8E}.Release|Any CPU.Build.0 = Release|Any CPU
	EndGlobalSection
	GlobalSection(SolutionProperties) = preSolution
		HideSolutionNode = FALSE
	EndGlobalSection
	GlobalSection(ExtensibilityGlobals) = postSolution
		SolutionGuid = {8AC1A51C-2B8C-46C5-BA30-AC50A3FBBDCE}
	EndGlobalSection
EndGlobal
