
Microsoft Visual Studio Solution File, Format Version 12.00
# Visual Studio Version 16
VisualStudioVersion = 16.0.29519.161
MinimumVisualStudioVersion = 10.0.40219.1
Project("{9A19103F-16F7-4668-BE54-9A1E7A4F7556}") = "Core", "Core\Core.csproj", "{DDA88C67-E84A-4B0A-84E8-CDB3F93D65D0}"
EndProject
Project("{9A19103F-16F7-4668-BE54-9A1E7A4F7556}") = "Core.Test", "Core.Test\Core.Test.csproj", "{DB930279-10D9-4236-BA11-982083D83A16}"
EndProject
Project("{9A19103F-16F7-4668-BE54-9A1E7A4F7556}") = "Day_02", "Day_02\Day_02.csproj", "{AFDD81DC-33A2-4A13-9BDA-DB889C298426}"
EndProject
Project("{9A19103F-16F7-4668-BE54-9A1E7A4F7556}") = "Day_02.Test", "Day_02.Test\Day_02.Test.csproj", "{11DB42AC-3747-4F69-908E-5D2957E30D8E}"
EndProject
Project("{9A19103F-16F7-4668-BE54-9A1E7A4F7556}") = "Day_03", "Day_03\Day_03.csproj", "{117AB608-0774-485C-B48D-7173CCDFE590}"
EndProject
Project("{9A19103F-16F7-4668-BE54-9A1E7A4F7556}") = "Day_04", "Day_04\Day_04.csproj", "{69CC9F61-1BF6-4404-B31A-4BC43A3B84A8}"
EndProject
Project("{FAE04EC0-301F-11D3-BF4B-00C04F79EFBC}") = "Day_05", "Day_05\Day_05.csproj", "{2DFF1670-4CEC-4E01-B2A1-5ED05DADA53F}"
EndProject
Global
	GlobalSection(SolutionConfigurationPlatforms) = preSolution
		Debug|Any CPU = Debug|Any CPU
		Release|Any CPU = Release|Any CPU
	EndGlobalSection
	GlobalSection(ProjectConfigurationPlatforms) = postSolution
		{DDA88C67-E84A-4B0A-84E8-CDB3F93D65D0}.Debug|Any CPU.ActiveCfg = Debug|Any CPU
		{DDA88C67-E84A-4B0A-84E8-CDB3F93D65D0}.Debug|Any CPU.Build.0 = Debug|Any CPU
		{DDA88C67-E84A-4B0A-84E8-CDB3F93D65D0}.Release|Any CPU.ActiveCfg = Release|Any CPU
		{DDA88C67-E84A-4B0A-84E8-CDB3F93D65D0}.Release|Any CPU.Build.0 = Release|Any CPU
		{DB930279-10D9-4236-BA11-982083D83A16}.Debug|Any CPU.ActiveCfg = Debug|Any CPU
		{DB930279-10D9-4236-BA11-982083D83A16}.Debug|Any CPU.Build.0 = Debug|Any CPU
		{DB930279-10D9-4236-BA11-982083D83A16}.Release|Any CPU.ActiveCfg = Release|Any CPU
		{DB930279-10D9-4236-BA11-982083D83A16}.Release|Any CPU.Build.0 = Release|Any CPU
		{AFDD81DC-33A2-4A13-9BDA-DB889C298426}.Debug|Any CPU.ActiveCfg = Debug|Any CPU
		{AFDD81DC-33A2-4A13-9BDA-DB889C298426}.Debug|Any CPU.Build.0 = Debug|Any CPU
		{AFDD81DC-33A2-4A13-9BDA-DB889C298426}.Release|Any CPU.ActiveCfg = Release|Any CPU
		{AFDD81DC-33A2-4A13-9BDA-DB889C298426}.Release|Any CPU.Build.0 = Release|Any CPU
		{11DB42AC-3747-4F69-908E-5D2957E30D8E}.Debug|Any CPU.ActiveCfg = Debug|Any CPU
		{11DB42AC-3747-4F69-908E-5D2957E30D8E}.Debug|Any CPU.Build.0 = Debug|Any CPU
		{11DB42AC-3747-4F69-908E-5D2957E30D8E}.Release|Any CPU.ActiveCfg = Release|Any CPU
		{11DB42AC-3747-4F69-908E-5D2957E30D8E}.Release|Any CPU.Build.0 = Release|Any CPU
		{117AB608-0774-485C-B48D-7173CCDFE590}.Debug|Any CPU.ActiveCfg = Debug|Any CPU
		{117AB608-0774-485C-B48D-7173CCDFE590}.Debug|Any CPU.Build.0 = Debug|Any CPU
		{117AB608-0774-485C-B48D-7173CCDFE590}.Release|Any CPU.ActiveCfg = Release|Any CPU
		{117AB608-0774-485C-B48D-7173CCDFE590}.Release|Any CPU.Build.0 = Release|Any CPU
		{69CC9F61-1BF6-4404-B31A-4BC43A3B84A8}.Debug|Any CPU.ActiveCfg = Debug|Any CPU
		{69CC9F61-1BF6-4404-B31A-4BC43A3B84A8}.Debug|Any CPU.Build.0 = Debug|Any CPU
		{69CC9F61-1BF6-4404-B31A-4BC43A3B84A8}.Release|Any CPU.ActiveCfg = Release|Any CPU
		{69CC9F61-1BF6-4404-B31A-4BC43A3B84A8}.Release|Any CPU.Build.0 = Release|Any CPU
		{2DFF1670-4CEC-4E01-B2A1-5ED05DADA53F}.Debug|Any CPU.ActiveCfg = Debug|Any CPU
		{2DFF1670-4CEC-4E01-B2A1-5ED05DADA53F}.Debug|Any CPU.Build.0 = Debug|Any CPU
		{2DFF1670-4CEC-4E01-B2A1-5ED05DADA53F}.Release|Any CPU.ActiveCfg = Release|Any CPU
		{2DFF1670-4CEC-4E01-B2A1-5ED05DADA53F}.Release|Any CPU.Build.0 = Release|Any CPU
	EndGlobalSection
	GlobalSection(SolutionProperties) = preSolution
		HideSolutionNode = FALSE
	EndGlobalSection
	GlobalSection(ExtensibilityGlobals) = postSolution
		SolutionGuid = {8AC1A51C-2B8C-46C5-BA30-AC50A3FBBDCE}
	EndGlobalSection
EndGlobal
