
Microsoft Visual Studio Solution File, Format Version 12.00
# Visual Studio Version 16
VisualStudioVersion = 16.0.29519.161
MinimumVisualStudioVersion = 10.0.40219.1
Project("{9A19103F-16F7-4668-BE54-9A1E7A4F7556}") = "Core", "Core\Core\Core.csproj", "{DDA88C67-E84A-4B0A-84E8-CDB3F93D65D0}"
EndProject
Project("{9A19103F-16F7-4668-BE54-9A1E7A4F7556}") = "Core.Test", "Core\Core.Test\Core.Test.csproj", "{DB930279-10D9-4236-BA11-982083D83A16}"
EndProject
Project("{9A19103F-16F7-4668-BE54-9A1E7A4F7556}") = "Day_02", "Day_02\Day_02.csproj", "{AFDD81DC-33A2-4A13-9BDA-DB889C298426}"
EndProject
Project("{9A19103F-16F7-4668-BE54-9A1E7A4F7556}") = "Day_03", "Day_03\Day_03.csproj", "{117AB608-0774-485C-B48D-7173CCDFE590}"
EndProject
Project("{9A19103F-16F7-4668-BE54-9A1E7A4F7556}") = "Day_04", "Day_04\Day_04.csproj", "{69CC9F61-1BF6-4404-B31A-4BC43A3B84A8}"
EndProject
Project("{9A19103F-16F7-4668-BE54-9A1E7A4F7556}") = "Day_05", "Day_05\Day_05.csproj", "{2DFF1670-4CEC-4E01-B2A1-5ED05DADA53F}"
EndProject
Project("{9A19103F-16F7-4668-BE54-9A1E7A4F7556}") = "Day_06", "Day_06\Day_06.csproj", "{202F7F8B-6A9B-4051-B30F-549382590D3C}"
EndProject
Project("{9A19103F-16F7-4668-BE54-9A1E7A4F7556}") = "Day_07", "Day_07\Day_07.csproj", "{2A89CBC7-CF6D-40EF-AEDF-74830B64B7F4}"
EndProject
Project("{9A19103F-16F7-4668-BE54-9A1E7A4F7556}") = "Day_08", "Day_08\Day_08.csproj", "{68E67D69-3F6A-4AD0-AA20-929750189AD5}"
EndProject
Project("{9A19103F-16F7-4668-BE54-9A1E7A4F7556}") = "Day_09", "Day_09\Day_09.csproj", "{052CF986-0205-4A7C-8899-94C11AF915DC}"
EndProject
Project("{9A19103F-16F7-4668-BE54-9A1E7A4F7556}") = "Day_10", "Day_10\Day_10.csproj", "{BAEC530F-3ABB-411D-B29F-2B3950964168}"
EndProject
Project("{9A19103F-16F7-4668-BE54-9A1E7A4F7556}") = "Day_11", "Day_11\Day_11.csproj", "{214F3485-95E6-4C95-A2DC-3CB85FFD8836}"
EndProject
Project("{9A19103F-16F7-4668-BE54-9A1E7A4F7556}") = "Day_12", "Day_12\Day_12.csproj", "{F8D09728-D328-4BB0-A88F-71502BF66823}"
EndProject
Project("{9A19103F-16F7-4668-BE54-9A1E7A4F7556}") = "Day_13", "Day_13\Day_13.csproj", "{9E1C5BE2-FAC9-49D2-90D6-B570D855ABF0}"
EndProject
Project("{9A19103F-16F7-4668-BE54-9A1E7A4F7556}") = "Day_14", "Day_14\Day_14.csproj", "{96A7891D-97C4-462F-BF28-C92353195F42}"
EndProject
Project("{9A19103F-16F7-4668-BE54-9A1E7A4F7556}") = "Day_15", "Day_15\Day_15.csproj", "{54603E7B-A564-4B91-847F-907C9E99D6FC}"
EndProject
Project("{9A19103F-16F7-4668-BE54-9A1E7A4F7556}") = "Day_16", "Day_16\Day_16.csproj", "{FBE5679C-4089-4FD0-9FC3-A2267363E540}"
EndProject
Project("{9A19103F-16F7-4668-BE54-9A1E7A4F7556}") = "Day_17", "Day_17\Day_17.csproj", "{9BCB5B8E-9EA4-4856-98AC-AD6E9FA39E9A}"
EndProject
Project("{9A19103F-16F7-4668-BE54-9A1E7A4F7556}") = "Day_18", "Day_18\Day_18.csproj", "{72C085DF-ACB4-4445-BDA8-B3965B03E308}"
EndProject
Project("{9A19103F-16F7-4668-BE54-9A1E7A4F7556}") = "Day_19", "Day_19\Day_19.csproj", "{0721703A-B83B-4AB8-894C-486EED735B07}"
EndProject
Project("{9A19103F-16F7-4668-BE54-9A1E7A4F7556}") = "Day_20", "Day_20\Day_20.csproj", "{CF6681FB-98C3-4926-A29D-594859B7A72E}"
EndProject
Project("{9A19103F-16F7-4668-BE54-9A1E7A4F7556}") = "Day_21", "Day_21\Day_21.csproj", "{732AE366-8993-40F0-B03A-A0F8D41328FD}"
EndProject
Project("{9A19103F-16F7-4668-BE54-9A1E7A4F7556}") = "Day_22", "Day_22\Day_22.csproj", "{3CC55A19-EC24-4CFE-B8FA-F5B83426B53A}"
EndProject
Project("{9A19103F-16F7-4668-BE54-9A1E7A4F7556}") = "Day_23", "Day_23\Day_23.csproj", "{E8EA3F73-D1F3-4EFD-8806-1E9D59E21736}"
EndProject
Project("{9A19103F-16F7-4668-BE54-9A1E7A4F7556}") = "Day_24", "Day_24\Day_24.csproj", "{B832ABFA-4127-4A8E-A7D9-688CE85E5A13}"
EndProject
Project("{FAE04EC0-301F-11D3-BF4B-00C04F79EFBC}") = "Day_25", "Day_25\Day_25.csproj", "{6D988891-501D-46FF-9E1F-F6463F801081}"
EndProject
Global
	GlobalSection(SolutionConfigurationPlatforms) = preSolution
		Debug|Any CPU = Debug|Any CPU
		Release|Any CPU = Release|Any CPU
	EndGlobalSection
	GlobalSection(ProjectConfigurationPlatforms) = postSolution
		{DDA88C67-E84A-4B0A-84E8-CDB3F93D65D0}.Debug|Any CPU.ActiveCfg = Debug|Any CPU
		{DDA88C67-E84A-4B0A-84E8-CDB3F93D65D0}.Debug|Any CPU.Build.0 = Debug|Any CPU
		{DDA88C67-E84A-4B0A-84E8-CDB3F93D65D0}.Release|Any CPU.ActiveCfg = Release|Any CPU
		{DDA88C67-E84A-4B0A-84E8-CDB3F93D65D0}.Release|Any CPU.Build.0 = Release|Any CPU
		{DB930279-10D9-4236-BA11-982083D83A16}.Debug|Any CPU.ActiveCfg = Debug|Any CPU
		{DB930279-10D9-4236-BA11-982083D83A16}.Debug|Any CPU.Build.0 = Debug|Any CPU
		{DB930279-10D9-4236-BA11-982083D83A16}.Release|Any CPU.ActiveCfg = Release|Any CPU
		{DB930279-10D9-4236-BA11-982083D83A16}.Release|Any CPU.Build.0 = Release|Any CPU
		{AFDD81DC-33A2-4A13-9BDA-DB889C298426}.Debug|Any CPU.ActiveCfg = Debug|Any CPU
		{AFDD81DC-33A2-4A13-9BDA-DB889C298426}.Debug|Any CPU.Build.0 = Debug|Any CPU
		{AFDD81DC-33A2-4A13-9BDA-DB889C298426}.Release|Any CPU.ActiveCfg = Release|Any CPU
		{AFDD81DC-33A2-4A13-9BDA-DB889C298426}.Release|Any CPU.Build.0 = Release|Any CPU
		{117AB608-0774-485C-B48D-7173CCDFE590}.Debug|Any CPU.ActiveCfg = Debug|Any CPU
		{117AB608-0774-485C-B48D-7173CCDFE590}.Debug|Any CPU.Build.0 = Debug|Any CPU
		{117AB608-0774-485C-B48D-7173CCDFE590}.Release|Any CPU.ActiveCfg = Release|Any CPU
		{117AB608-0774-485C-B48D-7173CCDFE590}.Release|Any CPU.Build.0 = Release|Any CPU
		{69CC9F61-1BF6-4404-B31A-4BC43A3B84A8}.Debug|Any CPU.ActiveCfg = Debug|Any CPU
		{69CC9F61-1BF6-4404-B31A-4BC43A3B84A8}.Debug|Any CPU.Build.0 = Debug|Any CPU
		{69CC9F61-1BF6-4404-B31A-4BC43A3B84A8}.Release|Any CPU.ActiveCfg = Release|Any CPU
		{69CC9F61-1BF6-4404-B31A-4BC43A3B84A8}.Release|Any CPU.Build.0 = Release|Any CPU
		{2DFF1670-4CEC-4E01-B2A1-5ED05DADA53F}.Debug|Any CPU.ActiveCfg = Debug|Any CPU
		{2DFF1670-4CEC-4E01-B2A1-5ED05DADA53F}.Debug|Any CPU.Build.0 = Debug|Any CPU
		{2DFF1670-4CEC-4E01-B2A1-5ED05DADA53F}.Release|Any CPU.ActiveCfg = Release|Any CPU
		{2DFF1670-4CEC-4E01-B2A1-5ED05DADA53F}.Release|Any CPU.Build.0 = Release|Any CPU
		{202F7F8B-6A9B-4051-B30F-549382590D3C}.Debug|Any CPU.ActiveCfg = Debug|Any CPU
		{202F7F8B-6A9B-4051-B30F-549382590D3C}.Debug|Any CPU.Build.0 = Debug|Any CPU
		{202F7F8B-6A9B-4051-B30F-549382590D3C}.Release|Any CPU.ActiveCfg = Release|Any CPU
		{202F7F8B-6A9B-4051-B30F-549382590D3C}.Release|Any CPU.Build.0 = Release|Any CPU
		{2A89CBC7-CF6D-40EF-AEDF-74830B64B7F4}.Debug|Any CPU.ActiveCfg = Debug|Any CPU
		{2A89CBC7-CF6D-40EF-AEDF-74830B64B7F4}.Debug|Any CPU.Build.0 = Debug|Any CPU
		{2A89CBC7-CF6D-40EF-AEDF-74830B64B7F4}.Release|Any CPU.ActiveCfg = Release|Any CPU
		{2A89CBC7-CF6D-40EF-AEDF-74830B64B7F4}.Release|Any CPU.Build.0 = Release|Any CPU
		{68E67D69-3F6A-4AD0-AA20-929750189AD5}.Debug|Any CPU.ActiveCfg = Debug|Any CPU
		{68E67D69-3F6A-4AD0-AA20-929750189AD5}.Debug|Any CPU.Build.0 = Debug|Any CPU
		{68E67D69-3F6A-4AD0-AA20-929750189AD5}.Release|Any CPU.ActiveCfg = Release|Any CPU
		{68E67D69-3F6A-4AD0-AA20-929750189AD5}.Release|Any CPU.Build.0 = Release|Any CPU
		{052CF986-0205-4A7C-8899-94C11AF915DC}.Debug|Any CPU.ActiveCfg = Debug|Any CPU
		{052CF986-0205-4A7C-8899-94C11AF915DC}.Debug|Any CPU.Build.0 = Debug|Any CPU
		{052CF986-0205-4A7C-8899-94C11AF915DC}.Release|Any CPU.ActiveCfg = Release|Any CPU
		{052CF986-0205-4A7C-8899-94C11AF915DC}.Release|Any CPU.Build.0 = Release|Any CPU
		{BAEC530F-3ABB-411D-B29F-2B3950964168}.Debug|Any CPU.ActiveCfg = Debug|Any CPU
		{BAEC530F-3ABB-411D-B29F-2B3950964168}.Debug|Any CPU.Build.0 = Debug|Any CPU
		{BAEC530F-3ABB-411D-B29F-2B3950964168}.Release|Any CPU.ActiveCfg = Release|Any CPU
		{BAEC530F-3ABB-411D-B29F-2B3950964168}.Release|Any CPU.Build.0 = Release|Any CPU
		{214F3485-95E6-4C95-A2DC-3CB85FFD8836}.Debug|Any CPU.ActiveCfg = Debug|Any CPU
		{214F3485-95E6-4C95-A2DC-3CB85FFD8836}.Debug|Any CPU.Build.0 = Debug|Any CPU
		{214F3485-95E6-4C95-A2DC-3CB85FFD8836}.Release|Any CPU.ActiveCfg = Release|Any CPU
		{214F3485-95E6-4C95-A2DC-3CB85FFD8836}.Release|Any CPU.Build.0 = Release|Any CPU
		{F8D09728-D328-4BB0-A88F-71502BF66823}.Debug|Any CPU.ActiveCfg = Debug|Any CPU
		{F8D09728-D328-4BB0-A88F-71502BF66823}.Debug|Any CPU.Build.0 = Debug|Any CPU
		{F8D09728-D328-4BB0-A88F-71502BF66823}.Release|Any CPU.ActiveCfg = Release|Any CPU
		{F8D09728-D328-4BB0-A88F-71502BF66823}.Release|Any CPU.Build.0 = Release|Any CPU
		{9E1C5BE2-FAC9-49D2-90D6-B570D855ABF0}.Debug|Any CPU.ActiveCfg = Debug|Any CPU
		{9E1C5BE2-FAC9-49D2-90D6-B570D855ABF0}.Debug|Any CPU.Build.0 = Debug|Any CPU
		{9E1C5BE2-FAC9-49D2-90D6-B570D855ABF0}.Release|Any CPU.ActiveCfg = Release|Any CPU
		{9E1C5BE2-FAC9-49D2-90D6-B570D855ABF0}.Release|Any CPU.Build.0 = Release|Any CPU
		{96A7891D-97C4-462F-BF28-C92353195F42}.Debug|Any CPU.ActiveCfg = Debug|Any CPU
		{96A7891D-97C4-462F-BF28-C92353195F42}.Debug|Any CPU.Build.0 = Debug|Any CPU
		{96A7891D-97C4-462F-BF28-C92353195F42}.Release|Any CPU.ActiveCfg = Release|Any CPU
		{96A7891D-97C4-462F-BF28-C92353195F42}.Release|Any CPU.Build.0 = Release|Any CPU
		{54603E7B-A564-4B91-847F-907C9E99D6FC}.Debug|Any CPU.ActiveCfg = Debug|Any CPU
		{54603E7B-A564-4B91-847F-907C9E99D6FC}.Debug|Any CPU.Build.0 = Debug|Any CPU
		{54603E7B-A564-4B91-847F-907C9E99D6FC}.Release|Any CPU.ActiveCfg = Release|Any CPU
		{54603E7B-A564-4B91-847F-907C9E99D6FC}.Release|Any CPU.Build.0 = Release|Any CPU
		{FBE5679C-4089-4FD0-9FC3-A2267363E540}.Debug|Any CPU.ActiveCfg = Debug|Any CPU
		{FBE5679C-4089-4FD0-9FC3-A2267363E540}.Debug|Any CPU.Build.0 = Debug|Any CPU
		{FBE5679C-4089-4FD0-9FC3-A2267363E540}.Release|Any CPU.ActiveCfg = Release|Any CPU
		{FBE5679C-4089-4FD0-9FC3-A2267363E540}.Release|Any CPU.Build.0 = Release|Any CPU
		{9BCB5B8E-9EA4-4856-98AC-AD6E9FA39E9A}.Debug|Any CPU.ActiveCfg = Debug|Any CPU
		{9BCB5B8E-9EA4-4856-98AC-AD6E9FA39E9A}.Debug|Any CPU.Build.0 = Debug|Any CPU
		{9BCB5B8E-9EA4-4856-98AC-AD6E9FA39E9A}.Release|Any CPU.ActiveCfg = Release|Any CPU
		{9BCB5B8E-9EA4-4856-98AC-AD6E9FA39E9A}.Release|Any CPU.Build.0 = Release|Any CPU
		{72C085DF-ACB4-4445-BDA8-B3965B03E308}.Debug|Any CPU.ActiveCfg = Debug|Any CPU
		{72C085DF-ACB4-4445-BDA8-B3965B03E308}.Debug|Any CPU.Build.0 = Debug|Any CPU
		{72C085DF-ACB4-4445-BDA8-B3965B03E308}.Release|Any CPU.ActiveCfg = Release|Any CPU
		{72C085DF-ACB4-4445-BDA8-B3965B03E308}.Release|Any CPU.Build.0 = Release|Any CPU
		{0721703A-B83B-4AB8-894C-486EED735B07}.Debug|Any CPU.ActiveCfg = Debug|Any CPU
		{0721703A-B83B-4AB8-894C-486EED735B07}.Debug|Any CPU.Build.0 = Debug|Any CPU
		{0721703A-B83B-4AB8-894C-486EED735B07}.Release|Any CPU.ActiveCfg = Release|Any CPU
		{0721703A-B83B-4AB8-894C-486EED735B07}.Release|Any CPU.Build.0 = Release|Any CPU
		{CF6681FB-98C3-4926-A29D-594859B7A72E}.Debug|Any CPU.ActiveCfg = Debug|Any CPU
		{CF6681FB-98C3-4926-A29D-594859B7A72E}.Debug|Any CPU.Build.0 = Debug|Any CPU
		{CF6681FB-98C3-4926-A29D-594859B7A72E}.Release|Any CPU.ActiveCfg = Release|Any CPU
		{CF6681FB-98C3-4926-A29D-594859B7A72E}.Release|Any CPU.Build.0 = Release|Any CPU
		{732AE366-8993-40F0-B03A-A0F8D41328FD}.Debug|Any CPU.ActiveCfg = Debug|Any CPU
		{732AE366-8993-40F0-B03A-A0F8D41328FD}.Debug|Any CPU.Build.0 = Debug|Any CPU
		{732AE366-8993-40F0-B03A-A0F8D41328FD}.Release|Any CPU.ActiveCfg = Release|Any CPU
		{732AE366-8993-40F0-B03A-A0F8D41328FD}.Release|Any CPU.Build.0 = Release|Any CPU
		{3CC55A19-EC24-4CFE-B8FA-F5B83426B53A}.Debug|Any CPU.ActiveCfg = Debug|Any CPU
		{3CC55A19-EC24-4CFE-B8FA-F5B83426B53A}.Debug|Any CPU.Build.0 = Debug|Any CPU
		{3CC55A19-EC24-4CFE-B8FA-F5B83426B53A}.Release|Any CPU.ActiveCfg = Release|Any CPU
		{3CC55A19-EC24-4CFE-B8FA-F5B83426B53A}.Release|Any CPU.Build.0 = Release|Any CPU
		{E8EA3F73-D1F3-4EFD-8806-1E9D59E21736}.Debug|Any CPU.ActiveCfg = Debug|Any CPU
		{E8EA3F73-D1F3-4EFD-8806-1E9D59E21736}.Debug|Any CPU.Build.0 = Debug|Any CPU
		{E8EA3F73-D1F3-4EFD-8806-1E9D59E21736}.Release|Any CPU.ActiveCfg = Release|Any CPU
		{E8EA3F73-D1F3-4EFD-8806-1E9D59E21736}.Release|Any CPU.Build.0 = Release|Any CPU
		{B832ABFA-4127-4A8E-A7D9-688CE85E5A13}.Debug|Any CPU.ActiveCfg = Debug|Any CPU
		{B832ABFA-4127-4A8E-A7D9-688CE85E5A13}.Debug|Any CPU.Build.0 = Debug|Any CPU
		{B832ABFA-4127-4A8E-A7D9-688CE85E5A13}.Release|Any CPU.ActiveCfg = Release|Any CPU
		{B832ABFA-4127-4A8E-A7D9-688CE85E5A13}.Release|Any CPU.Build.0 = Release|Any CPU
		{6D988891-501D-46FF-9E1F-F6463F801081}.Debug|Any CPU.ActiveCfg = Debug|Any CPU
		{6D988891-501D-46FF-9E1F-F6463F801081}.Debug|Any CPU.Build.0 = Debug|Any CPU
		{6D988891-501D-46FF-9E1F-F6463F801081}.Release|Any CPU.ActiveCfg = Release|Any CPU
		{6D988891-501D-46FF-9E1F-F6463F801081}.Release|Any CPU.Build.0 = Release|Any CPU
	EndGlobalSection
	GlobalSection(SolutionProperties) = preSolution
		HideSolutionNode = FALSE
	EndGlobalSection
	GlobalSection(ExtensibilityGlobals) = postSolution
		SolutionGuid = {8AC1A51C-2B8C-46C5-BA30-AC50A3FBBDCE}
	EndGlobalSection
EndGlobal
